// !$*UTF8*$!
{
	archiveVersion = 1;
	classes = {
	};
	objectVersion = 46;
	objects = {

/* Begin PBXBuildFile section */
		04D360A21CF3BD3B00A71397 /* main.m in Sources */ = {isa = PBXBuildFile; fileRef = 04D360A11CF3BD3B00A71397 /* main.m */; };
		04D360A51CF3BD3B00A71397 /* AppDelegate.m in Sources */ = {isa = PBXBuildFile; fileRef = 04D360A41CF3BD3B00A71397 /* AppDelegate.m */; };
		04D360A81CF3BD3B00A71397 /* ViewController.m in Sources */ = {isa = PBXBuildFile; fileRef = 04D360A71CF3BD3B00A71397 /* ViewController.m */; };
		04D360AB1CF3BD3B00A71397 /* Main.storyboard in Resources */ = {isa = PBXBuildFile; fileRef = 04D360A91CF3BD3B00A71397 /* Main.storyboard */; };
		04D360AD1CF3BD3B00A71397 /* Images.xcassets in Resources */ = {isa = PBXBuildFile; fileRef = 04D360AC1CF3BD3B00A71397 /* Images.xcassets */; };
		04D360B01CF3BD3B00A71397 /* LaunchScreen.xib in Resources */ = {isa = PBXBuildFile; fileRef = 04D360AE1CF3BD3B00A71397 /* LaunchScreen.xib */; };
		04D360BC1CF3BD3C00A71397 /* scrollTests.m in Sources */ = {isa = PBXBuildFile; fileRef = 04D360BB1CF3BD3C00A71397 /* scrollTests.m */; };
/* End PBXBuildFile section */

/* Begin PBXContainerItemProxy section */
		04D360B61CF3BD3C00A71397 /* PBXContainerItemProxy */ = {
			isa = PBXContainerItemProxy;
			containerPortal = 04D360941CF3BD3B00A71397 /* Project object */;
			proxyType = 1;
			remoteGlobalIDString = 04D3609B1CF3BD3B00A71397;
			remoteInfo = scroll;
		};
/* End PBXContainerItemProxy section */

/* Begin PBXFileReference section */
		04D3609C1CF3BD3B00A71397 /* scroll.app */ = {isa = PBXFileReference; explicitFileType = wrapper.application; includeInIndex = 0; path = scroll.app; sourceTree = BUILT_PRODUCTS_DIR; };
		04D360A01CF3BD3B00A71397 /* Info.plist */ = {isa = PBXFileReference; lastKnownFileType = text.plist.xml; path = Info.plist; sourceTree = "<group>"; };
		04D360A11CF3BD3B00A71397 /* main.m */ = {isa = PBXFileReference; lastKnownFileType = sourcecode.c.objc; path = main.m; sourceTree = "<group>"; };
		04D360A31CF3BD3B00A71397 /* AppDelegate.h */ = {isa = PBXFileReference; lastKnownFileType = sourcecode.c.h; path = AppDelegate.h; sourceTree = "<group>"; };
		04D360A41CF3BD3B00A71397 /* AppDelegate.m */ = {isa = PBXFileReference; lastKnownFileType = sourcecode.c.objc; path = AppDelegate.m; sourceTree = "<group>"; };
		04D360A61CF3BD3B00A71397 /* ViewController.h */ = {isa = PBXFileReference; lastKnownFileType = sourcecode.c.h; path = ViewController.h; sourceTree = "<group>"; };
		04D360A71CF3BD3B00A71397 /* ViewController.m */ = {isa = PBXFileReference; lastKnownFileType = sourcecode.c.objc; path = ViewController.m; sourceTree = "<group>"; };
		04D360AA1CF3BD3B00A71397 /* Base */ = {isa = PBXFileReference; lastKnownFileType = file.storyboard; name = Base; path = Base.lproj/Main.storyboard; sourceTree = "<group>"; };
		04D360AC1CF3BD3B00A71397 /* Images.xcassets */ = {isa = PBXFileReference; lastKnownFileType = folder.assetcatalog; path = Images.xcassets; sourceTree = "<group>"; };
		04D360AF1CF3BD3B00A71397 /* Base */ = {isa = PBXFileReference; lastKnownFileType = file.xib; name = Base; path = Base.lproj/LaunchScreen.xib; sourceTree = "<group>"; };
		04D360B51CF3BD3C00A71397 /* scrollTests.xctest */ = {isa = PBXFileReference; explicitFileType = wrapper.cfbundle; includeInIndex = 0; path = scrollTests.xctest; sourceTree = BUILT_PRODUCTS_DIR; };
		04D360BA1CF3BD3C00A71397 /* Info.plist */ = {isa = PBXFileReference; lastKnownFileType = text.plist.xml; path = Info.plist; sourceTree = "<group>"; };
		04D360BB1CF3BD3C00A71397 /* scrollTests.m */ = {isa = PBXFileReference; lastKnownFileType = sourcecode.c.objc; path = scrollTests.m; sourceTree = "<group>"; };
/* End PBXFileReference section */

/* Begin PBXFrameworksBuildPhase section */
		04D360991CF3BD3B00A71397 /* Frameworks */ = {
			isa = PBXFrameworksBuildPhase;
			buildActionMask = 2147483647;
			files = (
			);
			runOnlyForDeploymentPostprocessing = 0;
		};
		04D360B21CF3BD3C00A71397 /* Frameworks */ = {
			isa = PBXFrameworksBuildPhase;
			buildActionMask = 2147483647;
			files = (
			);
			runOnlyForDeploymentPostprocessing = 0;
		};
/* End PBXFrameworksBuildPhase section */

/* Begin PBXGroup section */
		04D360931CF3BD3B00A71397 = {
			isa = PBXGroup;
			children = (
				04D3609E1CF3BD3B00A71397 /* scroll */,
				04D360B81CF3BD3C00A71397 /* scrollTests */,
				04D3609D1CF3BD3B00A71397 /* Products */,
			);
			sourceTree = "<group>";
		};
		04D3609D1CF3BD3B00A71397 /* Products */ = {
			isa = PBXGroup;
			children = (
				04D3609C1CF3BD3B00A71397 /* scroll.app */,
				04D360B51CF3BD3C00A71397 /* scrollTests.xctest */,
			);
			name = Products;
			sourceTree = "<group>";
		};
		04D3609E1CF3BD3B00A71397 /* scroll */ = {
			isa = PBXGroup;
			children = (
				04D360A31CF3BD3B00A71397 /* AppDelegate.h */,
				04D360A41CF3BD3B00A71397 /* AppDelegate.m */,
				04D360A61CF3BD3B00A71397 /* ViewController.h */,
				04D360A71CF3BD3B00A71397 /* ViewController.m */,
				04D360A91CF3BD3B00A71397 /* Main.storyboard */,
				04D360AC1CF3BD3B00A71397 /* Images.xcassets */,
				04D360AE1CF3BD3B00A71397 /* LaunchScreen.xib */,
				04D3609F1CF3BD3B00A71397 /* Supporting Files */,
			);
			path = scroll;
			sourceTree = "<group>";
		};
		04D3609F1CF3BD3B00A71397 /* Supporting Files */ = {
			isa = PBXGroup;
			children = (
				04D360A01CF3BD3B00A71397 /* Info.plist */,
				04D360A11CF3BD3B00A71397 /* main.m */,
			);
			name = "Supporting Files";
			sourceTree = "<group>";
		};
		04D360B81CF3BD3C00A71397 /* scrollTests */ = {
			isa = PBXGroup;
			children = (
				04D360BB1CF3BD3C00A71397 /* scrollTests.m */,
				04D360B91CF3BD3C00A71397 /* Supporting Files */,
			);
			path = scrollTests;
			sourceTree = "<group>";
		};
		04D360B91CF3BD3C00A71397 /* Supporting Files */ = {
			isa = PBXGroup;
			children = (
				04D360BA1CF3BD3C00A71397 /* Info.plist */,
			);
			name = "Supporting Files";
			sourceTree = "<group>";
		};
/* End PBXGroup section */

/* Begin PBXNativeTarget section */
		04D3609B1CF3BD3B00A71397 /* scroll */ = {
			isa = PBXNativeTarget;
			buildConfigurationList = 04D360BF1CF3BD3C00A71397 /* Build configuration list for PBXNativeTarget "scroll" */;
			buildPhases = (
				04D360981CF3BD3B00A71397 /* Sources */,
				04D360991CF3BD3B00A71397 /* Frameworks */,
				04D3609A1CF3BD3B00A71397 /* Resources */,
			);
			buildRules = (
			);
			dependencies = (
			);
			name = scroll;
			productName = scroll;
			productReference = 04D3609C1CF3BD3B00A71397 /* scroll.app */;
			productType = "com.apple.product-type.application";
		};
		04D360B41CF3BD3C00A71397 /* scrollTests */ = {
			isa = PBXNativeTarget;
			buildConfigurationList = 04D360C21CF3BD3C00A71397 /* Build configuration list for PBXNativeTarget "scrollTests" */;
			buildPhases = (
				04D360B11CF3BD3C00A71397 /* Sources */,
				04D360B21CF3BD3C00A71397 /* Frameworks */,
				04D360B31CF3BD3C00A71397 /* Resources */,
			);
			buildRules = (
			);
			dependencies = (
				04D360B71CF3BD3C00A71397 /* PBXTargetDependency */,
			);
			name = scrollTests;
			productName = scrollTests;
			productReference = 04D360B51CF3BD3C00A71397 /* scrollTests.xctest */;
			productType = "com.apple.product-type.bundle.unit-test";
		};
/* End PBXNativeTarget section */

/* Begin PBXProject section */
		04D360941CF3BD3B00A71397 /* Project object */ = {
			isa = PBXProject;
			attributes = {
				LastUpgradeCheck = 0620;
				ORGANIZATIONNAME = Mac;
				TargetAttributes = {
					04D3609B1CF3BD3B00A71397 = {
						CreatedOnToolsVersion = 6.2;
					};
					04D360B41CF3BD3C00A71397 = {
						CreatedOnToolsVersion = 6.2;
						TestTargetID = 04D3609B1CF3BD3B00A71397;
					};
				};
			};
			buildConfigurationList = 04D360971CF3BD3B00A71397 /* Build configuration list for PBXProject "scroll" */;
			compatibilityVersion = "Xcode 3.2";
			developmentRegion = English;
			hasScannedForEncodings = 0;
			knownRegions = (
				en,
				Base,
			);
			mainGroup = 04D360931CF3BD3B00A71397;
			productRefGroup = 04D3609D1CF3BD3B00A71397 /* Products */;
			projectDirPath = "";
			projectRoot = "";
			targets = (
				04D3609B1CF3BD3B00A71397 /* scroll */,
				04D360B41CF3BD3C00A71397 /* scrollTests */,
			);
		};
/* End PBXProject section */

/* Begin PBXResourcesBuildPhase section */
		04D3609A1CF3BD3B00A71397 /* Resources */ = {
			isa = PBXResourcesBuildPhase;
			buildActionMask = 2147483647;
			files = (
				04D360AB1CF3BD3B00A71397 /* Main.storyboard in Resources */,
				04D360B01CF3BD3B00A71397 /* LaunchScreen.xib in Resources */,
				04D360AD1CF3BD3B00A71397 /* Images.xcassets in Resources */,
			);
			runOnlyForDeploymentPostprocessing = 0;
		};
		04D360B31CF3BD3C00A71397 /* Resources */ = {
			isa = PBXResourcesBuildPhase;
			buildActionMask = 2147483647;
			files = (
			);
			runOnlyForDeploymentPostprocessing = 0;
		};
/* End PBXResourcesBuildPhase section */

/* Begin PBXSourcesBuildPhase section */
		04D360981CF3BD3B00A71397 /* Sources */ = {
			isa = PBXSourcesBuildPhase;
			buildActionMask = 2147483647;
			files = (
				04D360A81CF3BD3B00A71397 /* ViewController.m in Sources */,
				04D360A51CF3BD3B00A71397 /* AppDelegate.m in Sources */,
				04D360A21CF3BD3B00A71397 /* main.m in Sources */,
			);
			runOnlyForDeploymentPostprocessing = 0;
		};
		04D360B11CF3BD3C00A71397 /* Sources */ = {
			isa = PBXSourcesBuildPhase;
			buildActionMask = 2147483647;
			files = (
				04D360BC1CF3BD3C00A71397 /* scrollTests.m in Sources */,
			);
			runOnlyForDeploymentPostprocessing = 0;
		};
/* End PBXSourcesBuildPhase section */

/* Begin PBXTargetDependency section */
		04D360B71CF3BD3C00A71397 /* PBXTargetDependency */ = {
			isa = PBXTargetDependency;
			target = 04D3609B1CF3BD3B00A71397 /* scroll */;
			targetProxy = 04D360B61CF3BD3C00A71397 /* PBXContainerItemProxy */;
		};
/* End PBXTargetDependency section */

/* Begin PBXVariantGroup section */
		04D360A91CF3BD3B00A71397 /* Main.storyboard */ = {
			isa = PBXVariantGroup;
			children = (
				04D360AA1CF3BD3B00A71397 /* Base */,
			);
			name = Main.storyboard;
			sourceTree = "<group>";
		};
		04D360AE1CF3BD3B00A71397 /* LaunchScreen.xib */ = {
			isa = PBXVariantGroup;
			children = (
				04D360AF1CF3BD3B00A71397 /* Base */,
			);
			name = LaunchScreen.xib;
			sourceTree = "<group>";
		};
/* End PBXVariantGroup section */

/* Begin XCBuildConfiguration section */
		04D360BD1CF3BD3C00A71397 /* Debug */ = {
			isa = XCBuildConfiguration;
			buildSettings = {
				ALWAYS_SEARCH_USER_PATHS = NO;
				CLANG_CXX_LANGUAGE_STANDARD = "gnu++0x";
				CLANG_CXX_LIBRARY = "libc++";
				CLANG_ENABLE_MODULES = YES;
				CLANG_ENABLE_OBJC_ARC = YES;
				CLANG_WARN_BOOL_CONVERSION = YES;
				CLANG_WARN_CONSTANT_CONVERSION = YES;
				CLANG_WARN_DIRECT_OBJC_ISA_USAGE = YES_ERROR;
				CLANG_WARN_EMPTY_BODY = YES;
				CLANG_WARN_ENUM_CONVERSION = YES;
				CLANG_WARN_INT_CONVERSION = YES;
				CLANG_WARN_OBJC_ROOT_CLASS = YES_ERROR;
				CLANG_WARN_UNREACHABLE_CODE = YES;
				CLANG_WARN__DUPLICATE_METHOD_MATCH = YES;
				"CODE_SIGN_IDENTITY[sdk=iphoneos*]" = "iPhone Developer";
				COPY_PHASE_STRIP = NO;
				ENABLE_STRICT_OBJC_MSGSEND = YES;
				GCC_C_LANGUAGE_STANDARD = gnu99;
				GCC_DYNAMIC_NO_PIC = NO;
				GCC_OPTIMIZATION_LEVEL = 0;
				GCC_PREPROCESSOR_DEFINITIONS = (
					"DEBUG=1",
					"$(inherited)",
				);
				GCC_SYMBOLS_PRIVATE_EXTERN = NO;
				GCC_WARN_64_TO_32_BIT_CONVERSION = YES;
				GCC_WARN_ABOUT_RETURN_TYPE = YES_ERROR;
				GCC_WARN_UNDECLARED_SELECTOR = YES;
				GCC_WARN_UNINITIALIZED_AUTOS = YES_AGGRESSIVE;
				GCC_WARN_UNUSED_FUNCTION = YES;
				GCC_WARN_UNUSED_VARIABLE = YES;
				IPHONEOS_DEPLOYMENT_TARGET = 8.2;
				MTL_ENABLE_DEBUG_INFO = YES;
				ONLY_ACTIVE_ARCH = YES;
				SDKROOT = iphoneos;
			};
			name = Debug;
		};
		04D360BE1CF3BD3C00A71397 /* Release */ = {
			isa = XCBuildConfiguration;
			buildSettings = {
				ALWAYS_SEARCH_USER_PATHS = NO;
				CLANG_CXX_LANGUAGE_STANDARD = "gnu++0x";
				CLANG_CXX_LIBRARY = "libc++";
				CLANG_ENABLE_MODULES = YES;
				CLANG_ENABLE_OBJC_ARC = YES;
				CLANG_WARN_BOOL_CONVERSION = YES;
				CLANG_WARN_CONSTANT_CONVERSION = YES;
				CLANG_WARN_DIRECT_OBJC_ISA_USAGE = YES_ERROR;
				CLANG_WARN_EMPTY_BODY = YES;
				CLANG_WARN_ENUM_CONVERSION = YES;
				CLANG_WARN_INT_CONVERSION = YES;
				CLANG_WARN_OBJC_ROOT_CLASS = YES_ERROR;
				CLANG_WARN_UNREACHABLE_CODE = YES;
				CLANG_WARN__DUPLICATE_METHOD_MATCH = YES;
				"CODE_SIGN_IDENTITY[sdk=iphoneos*]" = "iPhone Developer";
				COPY_PHASE_STRIP = NO;
				ENABLE_NS_ASSERTIONS = NO;
				ENABLE_STRICT_OBJC_MSGSEND = YES;
				GCC_C_LANGUAGE_STANDARD = gnu99;
				GCC_WARN_64_TO_32_BIT_CONVERSION = YES;
				GCC_WARN_ABOUT_RETURN_TYPE = YES_ERROR;
				GCC_WARN_UNDECLARED_SELECTOR = YES;
				GCC_WARN_UNINITIALIZED_AUTOS = YES_AGGRESSIVE;
				GCC_WARN_UNUSED_FUNCTION = YES;
				GCC_WARN_UNUSED_VARIABLE = YES;
				IPHONEOS_DEPLOYMENT_TARGET = 8.2;
				MTL_ENABLE_DEBUG_INFO = NO;
				SDKROOT = iphoneos;
				VALIDATE_PRODUCT = YES;
			};
			name = Release;
		};
		04D360C01CF3BD3C00A71397 /* Debug */ = {
			isa = XCBuildConfiguration;
			buildSettings = {
				ASSETCATALOG_COMPILER_APPICON_NAME = AppIcon;
				INFOPLIST_FILE = scroll/Info.plist;
				LD_RUNPATH_SEARCH_PATHS = "$(inherited) @executable_path/Frameworks";
				PRODUCT_NAME = "$(TARGET_NAME)";
			};
			name = Debug;
		};
		04D360C11CF3BD3C00A71397 /* Release */ = {
			isa = XCBuildConfiguration;
			buildSettings = {
				ASSETCATALOG_COMPILER_APPICON_NAME = AppIcon;
				INFOPLIST_FILE = scroll/Info.plist;
				LD_RUNPATH_SEARCH_PATHS = "$(inherited) @executable_path/Frameworks";
				PRODUCT_NAME = "$(TARGET_NAME)";
			};
			name = Release;
		};
		04D360C31CF3BD3C00A71397 /* Debug */ = {
			isa = XCBuildConfiguration;
			buildSettings = {
				BUNDLE_LOADER = "$(TEST_HOST)";
				FRAMEWORK_SEARCH_PATHS = (
					"$(SDKROOT)/Developer/Library/Frameworks",
					"$(inherited)",
				);
				GCC_PREPROCESSOR_DEFINITIONS = (
					"DEBUG=1",
					"$(inherited)",
				);
				INFOPLIST_FILE = scrollTests/Info.plist;
				LD_RUNPATH_SEARCH_PATHS = "$(inherited) @executable_path/Frameworks @loader_path/Frameworks";
				PRODUCT_NAME = "$(TARGET_NAME)";
				TEST_HOST = "$(BUILT_PRODUCTS_DIR)/scroll.app/scroll";
			};
			name = Debug;
		};
		04D360C41CF3BD3C00A71397 /* Release */ = {
			isa = XCBuildConfiguration;
			buildSettings = {
				BUNDLE_LOADER = "$(TEST_HOST)";
				FRAMEWORK_SEARCH_PATHS = (
					"$(SDKROOT)/Developer/Library/Frameworks",
					"$(inherited)",
				);
				INFOPLIST_FILE = scrollTests/Info.plist;
				LD_RUNPATH_SEARCH_PATHS = "$(inherited) @executable_path/Frameworks @loader_path/Frameworks";
				PRODUCT_NAME = "$(TARGET_NAME)";
				TEST_HOST = "$(BUILT_PRODUCTS_DIR)/scroll.app/scroll";
			};
			name = Release;
		};
/* End XCBuildConfiguration section */

/* Begin XCConfigurationList section */
		04D360971CF3BD3B00A71397 /* Build configuration list for PBXProject "scroll" */ = {
			isa = XCConfigurationList;
			buildConfigurations = (
				04D360BD1CF3BD3C00A71397 /* Debug */,
				04D360BE1CF3BD3C00A71397 /* Release */,
			);
			defaultConfigurationIsVisible = 0;
			defaultConfigurationName = Release;
		};
		04D360BF1CF3BD3C00A71397 /* Build configuration list for PBXNativeTarget "scroll" */ = {
			isa = XCConfigurationList;
			buildConfigurations = (
				04D360C01CF3BD3C00A71397 /* Debug */,
				04D360C11CF3BD3C00A71397 /* Release */,
			);
			defaultConfigurationIsVisible = 0;
		};
		04D360C21CF3BD3C00A71397 /* Build configuration list for PBXNativeTarget "scrollTests" */ = {
			isa = XCConfigurationList;
			buildConfigurations = (
				04D360C31CF3BD3C00A71397 /* Debug */,
				04D360C41CF3BD3C00A71397 /* Release */,
			);
			defaultConfigurationIsVisible = 0;
		};
/* End XCConfigurationList section */
	};
	rootObject = 04D360941CF3BD3B00A71397 /* Project object */;
}
